// !$*UTF8*$!
{
	archiveVersion = 1;
	classes = {
	};
	objectVersion = 46;
	objects = {

/* Begin PBXBuildFile section */
		505FDFBE1ECED9B3000E75EF /* main.m in Sources */ = {isa = PBXBuildFile; fileRef = 505FDFBD1ECED9B3000E75EF /* main.m */; };
		505FDFC11ECED9B3000E75EF /* AppDelegate.m in Sources */ = {isa = PBXBuildFile; fileRef = 505FDFC01ECED9B3000E75EF /* AppDelegate.m */; };
		505FDFC41ECED9B3000E75EF /* ViewController.m in Sources */ = {isa = PBXBuildFile; fileRef = 505FDFC31ECED9B3000E75EF /* ViewController.m */; };
		505FDFC71ECED9B3000E75EF /* Main.storyboard in Resources */ = {isa = PBXBuildFile; fileRef = 505FDFC51ECED9B3000E75EF /* Main.storyboard */; };
		505FDFC91ECED9B3000E75EF /* Assets.xcassets in Resources */ = {isa = PBXBuildFile; fileRef = 505FDFC81ECED9B3000E75EF /* Assets.xcassets */; };
		505FDFCC1ECED9B3000E75EF /* LaunchScreen.storyboard in Resources */ = {isa = PBXBuildFile; fileRef = 505FDFCA1ECED9B3000E75EF /* LaunchScreen.storyboard */; };
		505FDFEA1ECEDA0A000E75EF /* DayCollectionViewCell.m in Sources */ = {isa = PBXBuildFile; fileRef = 505FDFE31ECEDA0A000E75EF /* DayCollectionViewCell.m */; };
		505FDFEB1ECEDA0A000E75EF /* HotelCalendarViewController.m in Sources */ = {isa = PBXBuildFile; fileRef = 505FDFE51ECEDA0A000E75EF /* HotelCalendarViewController.m */; };
		505FDFEC1ECEDA0A000E75EF /* MonthModel.m in Sources */ = {isa = PBXBuildFile; fileRef = 505FDFE71ECEDA0A000E75EF /* MonthModel.m */; };
		505FDFED1ECEDA0A000E75EF /* MonthTableViewCell.m in Sources */ = {isa = PBXBuildFile; fileRef = 505FDFE91ECEDA0A000E75EF /* MonthTableViewCell.m */; };
/* End PBXBuildFile section */

/* Begin PBXFileReference section */
		505FDFB91ECED9B3000E75EF /* CalendarDemo.app */ = {isa = PBXFileReference; explicitFileType = wrapper.application; includeInIndex = 0; path = CalendarDemo.app; sourceTree = BUILT_PRODUCTS_DIR; };
		505FDFBD1ECED9B3000E75EF /* main.m */ = {isa = PBXFileReference; lastKnownFileType = sourcecode.c.objc; path = main.m; sourceTree = "<group>"; };
		505FDFBF1ECED9B3000E75EF /* AppDelegate.h */ = {isa = PBXFileReference; lastKnownFileType = sourcecode.c.h; path = AppDelegate.h; sourceTree = "<group>"; };
		505FDFC01ECED9B3000E75EF /* AppDelegate.m */ = {isa = PBXFileReference; lastKnownFileType = sourcecode.c.objc; path = AppDelegate.m; sourceTree = "<group>"; };
		505FDFC21ECED9B3000E75EF /* ViewController.h */ = {isa = PBXFileReference; lastKnownFileType = sourcecode.c.h; path = ViewController.h; sourceTree = "<group>"; };
		505FDFC31ECED9B3000E75EF /* ViewController.m */ = {isa = PBXFileReference; lastKnownFileType = sourcecode.c.objc; path = ViewController.m; sourceTree = "<group>"; };
		505FDFC61ECED9B3000E75EF /* Base */ = {isa = PBXFileReference; lastKnownFileType = file.storyboard; name = Base; path = Base.lproj/Main.storyboard; sourceTree = "<group>"; };
		505FDFC81ECED9B3000E75EF /* Assets.xcassets */ = {isa = PBXFileReference; lastKnownFileType = folder.assetcatalog; path = Assets.xcassets; sourceTree = "<group>"; };
		505FDFCB1ECED9B3000E75EF /* Base */ = {isa = PBXFileReference; lastKnownFileType = file.storyboard; name = Base; path = Base.lproj/LaunchScreen.storyboard; sourceTree = "<group>"; };
		505FDFCD1ECED9B3000E75EF /* Info.plist */ = {isa = PBXFileReference; lastKnownFileType = text.plist.xml; path = Info.plist; sourceTree = "<group>"; };
		505FDFE21ECEDA0A000E75EF /* DayCollectionViewCell.h */ = {isa = PBXFileReference; fileEncoding = 4; lastKnownFileType = sourcecode.c.h; path = DayCollectionViewCell.h; sourceTree = "<group>"; };
		505FDFE31ECEDA0A000E75EF /* DayCollectionViewCell.m */ = {isa = PBXFileReference; fileEncoding = 4; lastKnownFileType = sourcecode.c.objc; path = DayCollectionViewCell.m; sourceTree = "<group>"; };
		505FDFE41ECEDA0A000E75EF /* HotelCalendarViewController.h */ = {isa = PBXFileReference; fileEncoding = 4; lastKnownFileType = sourcecode.c.h; path = HotelCalendarViewController.h; sourceTree = "<group>"; };
		505FDFE51ECEDA0A000E75EF /* HotelCalendarViewController.m */ = {isa = PBXFileReference; fileEncoding = 4; lastKnownFileType = sourcecode.c.objc; path = HotelCalendarViewController.m; sourceTree = "<group>"; };
		505FDFE61ECEDA0A000E75EF /* MonthModel.h */ = {isa = PBXFileReference; fileEncoding = 4; lastKnownFileType = sourcecode.c.h; path = MonthModel.h; sourceTree = "<group>"; };
		505FDFE71ECEDA0A000E75EF /* MonthModel.m */ = {isa = PBXFileReference; fileEncoding = 4; lastKnownFileType = sourcecode.c.objc; path = MonthModel.m; sourceTree = "<group>"; };
		505FDFE81ECEDA0A000E75EF /* MonthTableViewCell.h */ = {isa = PBXFileReference; fileEncoding = 4; lastKnownFileType = sourcecode.c.h; path = MonthTableViewCell.h; sourceTree = "<group>"; };
		505FDFE91ECEDA0A000E75EF /* MonthTableViewCell.m */ = {isa = PBXFileReference; fileEncoding = 4; lastKnownFileType = sourcecode.c.objc; path = MonthTableViewCell.m; sourceTree = "<group>"; };
/* End PBXFileReference section */

/* Begin PBXFrameworksBuildPhase section */
		505FDFB61ECED9B3000E75EF /* Frameworks */ = {
			isa = PBXFrameworksBuildPhase;
			buildActionMask = 2147483647;
			files = (
			);
			runOnlyForDeploymentPostprocessing = 0;
		};
/* End PBXFrameworksBuildPhase section */

/* Begin PBXGroup section */
		505FDFB01ECED9B3000E75EF = {
			isa = PBXGroup;
			children = (
				505FDFBB1ECED9B3000E75EF /* CalendarDemo */,
				505FDFBA1ECED9B3000E75EF /* Products */,
			);
			sourceTree = "<group>";
		};
		505FDFBA1ECED9B3000E75EF /* Products */ = {
			isa = PBXGroup;
			children = (
				505FDFB91ECED9B3000E75EF /* CalendarDemo.app */,
			);
			name = Products;
			sourceTree = "<group>";
		};
		505FDFBB1ECED9B3000E75EF /* CalendarDemo */ = {
			isa = PBXGroup;
			children = (
				505FDFBF1ECED9B3000E75EF /* AppDelegate.h */,
				505FDFC01ECED9B3000E75EF /* AppDelegate.m */,
				505FDFC21ECED9B3000E75EF /* ViewController.h */,
				505FDFC31ECED9B3000E75EF /* ViewController.m */,
				505FDFE11ECEDA0A000E75EF /* 仿酒店入住 */,
				505FDFC51ECED9B3000E75EF /* Main.storyboard */,
				505FDFC81ECED9B3000E75EF /* Assets.xcassets */,
				505FDFCA1ECED9B3000E75EF /* LaunchScreen.storyboard */,
				505FDFCD1ECED9B3000E75EF /* Info.plist */,
				505FDFBC1ECED9B3000E75EF /* Supporting Files */,
			);
			path = CalendarDemo;
			sourceTree = "<group>";
		};
		505FDFBC1ECED9B3000E75EF /* Supporting Files */ = {
			isa = PBXGroup;
			children = (
				505FDFBD1ECED9B3000E75EF /* main.m */,
			);
			name = "Supporting Files";
			sourceTree = "<group>";
		};
		505FDFE11ECEDA0A000E75EF /* 仿酒店入住 */ = {
			isa = PBXGroup;
			children = (
				505FDFE21ECEDA0A000E75EF /* DayCollectionViewCell.h */,
				505FDFE31ECEDA0A000E75EF /* DayCollectionViewCell.m */,
				505FDFE41ECEDA0A000E75EF /* HotelCalendarViewController.h */,
				505FDFE51ECEDA0A000E75EF /* HotelCalendarViewController.m */,
				505FDFE61ECEDA0A000E75EF /* MonthModel.h */,
				505FDFE71ECEDA0A000E75EF /* MonthModel.m */,
				505FDFE81ECEDA0A000E75EF /* MonthTableViewCell.h */,
				505FDFE91ECEDA0A000E75EF /* MonthTableViewCell.m */,
			);
			path = "仿酒店入住";
			sourceTree = "<group>";
		};
/* End PBXGroup section */

/* Begin PBXNativeTarget section */
		505FDFB81ECED9B3000E75EF /* CalendarDemo */ = {
			isa = PBXNativeTarget;
			buildConfigurationList = 505FDFD01ECED9B3000E75EF /* Build configuration list for PBXNativeTarget "CalendarDemo" */;
			buildPhases = (
				505FDFB51ECED9B3000E75EF /* Sources */,
				505FDFB61ECED9B3000E75EF /* Frameworks */,
				505FDFB71ECED9B3000E75EF /* Resources */,
			);
			buildRules = (
			);
			dependencies = (
			);
			name = CalendarDemo;
			productName = CalendarDemo;
			productReference = 505FDFB91ECED9B3000E75EF /* CalendarDemo.app */;
			productType = "com.apple.product-type.application";
		};
/* End PBXNativeTarget section */

/* Begin PBXProject section */
		505FDFB11ECED9B3000E75EF /* Project object */ = {
			isa = PBXProject;
			attributes = {
				LastUpgradeCheck = 0830;
				ORGANIZATIONNAME = yunlong;
				TargetAttributes = {
					505FDFB81ECED9B3000E75EF = {
						CreatedOnToolsVersion = 8.3.2;
						ProvisioningStyle = Automatic;
					};
				};
			};
			buildConfigurationList = 505FDFB41ECED9B3000E75EF /* Build configuration list for PBXProject "CalendarDemo" */;
			compatibilityVersion = "Xcode 3.2";
			developmentRegion = English;
			hasScannedForEncodings = 0;
			knownRegions = (
				en,
				Base,
			);
			mainGroup = 505FDFB01ECED9B3000E75EF;
			productRefGroup = 505FDFBA1ECED9B3000E75EF /* Products */;
			projectDirPath = "";
			projectRoot = "";
			targets = (
				505FDFB81ECED9B3000E75EF /* CalendarDemo */,
			);
		};
/* End PBXProject section */

/* Begin PBXResourcesBuildPhase section */
		505FDFB71ECED9B3000E75EF /* Resources */ = {
			isa = PBXResourcesBuildPhase;
			buildActionMask = 2147483647;
			files = (
				505FDFCC1ECED9B3000E75EF /* LaunchScreen.storyboard in Resources */,
				505FDFC91ECED9B3000E75EF /* Assets.xcassets in Resources */,
				505FDFC71ECED9B3000E75EF /* Main.storyboard in Resources */,
			);
			runOnlyForDeploymentPostprocessing = 0;
		};
/* End PBXResourcesBuildPhase section */

/* Begin PBXSourcesBuildPhase section */
		505FDFB51ECED9B3000E75EF /* Sources */ = {
			isa = PBXSourcesBuildPhase;
			buildActionMask = 2147483647;
			files = (
				505FDFEC1ECEDA0A000E75EF /* MonthModel.m in Sources */,
				505FDFC41ECED9B3000E75EF /* ViewController.m in Sources */,
				505FDFC11ECED9B3000E75EF /* AppDelegate.m in Sources */,
				505FDFED1ECEDA0A000E75EF /* MonthTableViewCell.m in Sources */,
				505FDFEB1ECEDA0A000E75EF /* HotelCalendarViewController.m in Sources */,
				505FDFBE1ECED9B3000E75EF /* main.m in Sources */,
				505FDFEA1ECEDA0A000E75EF /* DayCollectionViewCell.m in Sources */,
			);
			runOnlyForDeploymentPostprocessing = 0;
		};
/* End PBXSourcesBuildPhase section */

/* Begin PBXVariantGroup section */
		505FDFC51ECED9B3000E75EF /* Main.storyboard */ = {
			isa = PBXVariantGroup;
			children = (
				505FDFC61ECED9B3000E75EF /* Base */,
			);
			name = Main.storyboard;
			sourceTree = "<group>";
		};
		505FDFCA1ECED9B3000E75EF /* LaunchScreen.storyboard */ = {
			isa = PBXVariantGroup;
			children = (
				505FDFCB1ECED9B3000E75EF /* Base */,
			);
			name = LaunchScreen.storyboard;
			sourceTree = "<group>";
		};
/* End PBXVariantGroup section */

/* Begin XCBuildConfiguration section */
		505FDFCE1ECED9B3000E75EF /* Debug */ = {
			isa = XCBuildConfiguration;
			buildSettings = {
				ALWAYS_SEARCH_USER_PATHS = NO;
				CLANG_ANALYZER_NONNULL = YES;
				CLANG_ANALYZER_NUMBER_OBJECT_CONVERSION = YES_AGGRESSIVE;
				CLANG_CXX_LANGUAGE_STANDARD = "gnu++0x";
				CLANG_CXX_LIBRARY = "libc++";
				CLANG_ENABLE_MODULES = YES;
				CLANG_ENABLE_OBJC_ARC = YES;
				CLANG_WARN_BOOL_CONVERSION = YES;
				CLANG_WARN_CONSTANT_CONVERSION = YES;
				CLANG_WARN_DIRECT_OBJC_ISA_USAGE = YES_ERROR;
				CLANG_WARN_DOCUMENTATION_COMMENTS = YES;
				CLANG_WARN_EMPTY_BODY = YES;
				CLANG_WARN_ENUM_CONVERSION = YES;
				CLANG_WARN_INFINITE_RECURSION = YES;
				CLANG_WARN_INT_CONVERSION = YES;
				CLANG_WARN_OBJC_ROOT_CLASS = YES_ERROR;
				CLANG_WARN_SUSPICIOUS_MOVE = YES;
				CLANG_WARN_UNREACHABLE_CODE = YES;
				CLANG_WARN__DUPLICATE_METHOD_MATCH = YES;
				"CODE_SIGN_IDENTITY[sdk=iphoneos*]" = "iPhone Developer";
				COPY_PHASE_STRIP = NO;
				DEBUG_INFORMATION_FORMAT = dwarf;
				ENABLE_STRICT_OBJC_MSGSEND = YES;
				ENABLE_TESTABILITY = YES;
				GCC_C_LANGUAGE_STANDARD = gnu99;
				GCC_DYNAMIC_NO_PIC = NO;
				GCC_NO_COMMON_BLOCKS = YES;
				GCC_OPTIMIZATION_LEVEL = 0;
				GCC_PREPROCESSOR_DEFINITIONS = (
					"DEBUG=1",
					"$(inherited)",
				);
				GCC_WARN_64_TO_32_BIT_CONVERSION = YES;
				GCC_WARN_ABOUT_RETURN_TYPE = YES_ERROR;
				GCC_WARN_UNDECLARED_SELECTOR = YES;
				GCC_WARN_UNINITIALIZED_AUTOS = YES_AGGRESSIVE;
				GCC_WARN_UNUSED_FUNCTION = YES;
				GCC_WARN_UNUSED_VARIABLE = YES;
				IPHONEOS_DEPLOYMENT_TARGET = 10.3;
				MTL_ENABLE_DEBUG_INFO = YES;
				ONLY_ACTIVE_ARCH = YES;
				SDKROOT = iphoneos;
			};
			name = Debug;
		};
		505FDFCF1ECED9B3000E75EF /* Release */ = {
			isa = XCBuildConfiguration;
			buildSettings = {
				ALWAYS_SEARCH_USER_PATHS = NO;
				CLANG_ANALYZER_NONNULL = YES;
				CLANG_ANALYZER_NUMBER_OBJECT_CONVERSION = YES_AGGRESSIVE;
				CLANG_CXX_LANGUAGE_STANDARD = "gnu++0x";
				CLANG_CXX_LIBRARY = "libc++";
				CLANG_ENABLE_MODULES = YES;
				CLANG_ENABLE_OBJC_ARC = YES;
				CLANG_WARN_BOOL_CONVERSION = YES;
				CLANG_WARN_CONSTANT_CONVERSION = YES;
				CLANG_WARN_DIRECT_OBJC_ISA_USAGE = YES_ERROR;
				CLANG_WARN_DOCUMENTATION_COMMENTS = YES;
				CLANG_WARN_EMPTY_BODY = YES;
				CLANG_WARN_ENUM_CONVERSION = YES;
				CLANG_WARN_INFINITE_RECURSION = YES;
				CLANG_WARN_INT_CONVERSION = YES;
				CLANG_WARN_OBJC_ROOT_CLASS = YES_ERROR;
				CLANG_WARN_SUSPICIOUS_MOVE = YES;
				CLANG_WARN_UNREACHABLE_CODE = YES;
				CLANG_WARN__DUPLICATE_METHOD_MATCH = YES;
				"CODE_SIGN_IDENTITY[sdk=iphoneos*]" = "iPhone Developer";
				COPY_PHASE_STRIP = NO;
				DEBUG_INFORMATION_FORMAT = "dwarf-with-dsym";
				ENABLE_NS_ASSERTIONS = NO;
				ENABLE_STRICT_OBJC_MSGSEND = YES;
				GCC_C_LANGUAGE_STANDARD = gnu99;
				GCC_NO_COMMON_BLOCKS = YES;
				GCC_WARN_64_TO_32_BIT_CONVERSION = YES;
				GCC_WARN_ABOUT_RETURN_TYPE = YES_ERROR;
				GCC_WARN_UNDECLARED_SELECTOR = YES;
				GCC_WARN_UNINITIALIZED_AUTOS = YES_AGGRESSIVE;
				GCC_WARN_UNUSED_FUNCTION = YES;
				GCC_WARN_UNUSED_VARIABLE = YES;
				IPHONEOS_DEPLOYMENT_TARGET = 10.3;
				MTL_ENABLE_DEBUG_INFO = NO;
				SDKROOT = iphoneos;
				VALIDATE_PRODUCT = YES;
			};
			name = Release;
		};
		505FDFD11ECED9B3000E75EF /* Debug */ = {
			isa = XCBuildConfiguration;
			buildSettings = {
				ASSETCATALOG_COMPILER_APPICON_NAME = AppIcon;
				INFOPLIST_FILE = CalendarDemo/Info.plist;
				LD_RUNPATH_SEARCH_PATHS = "$(inherited) @executable_path/Frameworks";
				PRODUCT_BUNDLE_IDENTIFIER = com.yunlong.CalendarDemo;
				PRODUCT_NAME = "$(TARGET_NAME)";
			};
			name = Debug;
		};
		505FDFD21ECED9B3000E75EF /* Release */ = {
			isa = XCBuildConfiguration;
			buildSettings = {
				ASSETCATALOG_COMPILER_APPICON_NAME = AppIcon;
				INFOPLIST_FILE = CalendarDemo/Info.plist;
				LD_RUNPATH_SEARCH_PATHS = "$(inherited) @executable_path/Frameworks";
				PRODUCT_BUNDLE_IDENTIFIER = com.yunlong.CalendarDemo;
				PRODUCT_NAME = "$(TARGET_NAME)";
			};
			name = Release;
		};
/* End XCBuildConfiguration section */

/* Begin XCConfigurationList section */
		505FDFB41ECED9B3000E75EF /* Build configuration list for PBXProject "CalendarDemo" */ = {
			isa = XCConfigurationList;
			buildConfigurations = (
				505FDFCE1ECED9B3000E75EF /* Debug */,
				505FDFCF1ECED9B3000E75EF /* Release */,
			);
			defaultConfigurationIsVisible = 0;
			defaultConfigurationName = Release;
		};
		505FDFD01ECED9B3000E75EF /* Build configuration list for PBXNativeTarget "CalendarDemo" */ = {
			isa = XCConfigurationList;
			buildConfigurations = (
				505FDFD11ECED9B3000E75EF /* Debug */,
				505FDFD21ECED9B3000E75EF /* Release */,
			);
			defaultConfigurationIsVisible = 0;
		};
/* End XCConfigurationList section */
	};
	rootObject = 505FDFB11ECED9B3000E75EF /* Project object */;
}
